
Microsoft Visual Studio Solution File, Format Version 12.00
# Visual Studio 15
VisualStudioVersion = 15.0.28307.539
MinimumVisualStudioVersion = 10.0.40219.1
Project("{FAE04EC0-301F-11D3-BF4B-00C04F79EFBC}") = "HangzhouPeiXun", "HangzhouPeiXun\HangzhouPeiXun.csproj", "{B6115009-12C8-461A-B51D-40C65975E2BE}"
EndProject
Global
	GlobalSection(SolutionConfigurationPlatforms) = preSolution
		Debug|Any CPU = Debug|Any CPU
		Release|Any CPU = Release|Any CPU
	EndGlobalSection
	GlobalSection(ProjectConfigurationPlatforms) = postSolution
		{B6115009-12C8-461A-B51D-40C65975E2BE}.Debug|Any CPU.ActiveCfg = Debug|Any CPU
		{B6115009-12C8-461A-B51D-40C65975E2BE}.Debug|Any CPU.Build.0 = Debug|Any CPU
		{B6115009-12C8-461A-B51D-40C65975E2BE}.Release|Any CPU.ActiveCfg = Release|Any CPU
		{B6115009-12C8-461A-B51D-40C65975E2BE}.Release|Any CPU.Build.0 = Release|Any CPU
	EndGlobalSection
	GlobalSection(SolutionProperties) = preSolution
		HideSolutionNode = FALSE
	EndGlobalSection
	GlobalSection(ExtensibilityGlobals) = postSolution
		SolutionGuid = {61BA6627-913B-4D3C-914B-0ACA97171845}
	EndGlobalSection
EndGlobal
